
Microsoft Visual Studio Solution File, Format Version 12.00
# Visual Studio Version 16
VisualStudioVersion = 16.0.31205.134
MinimumVisualStudioVersion = 10.0.40219.1
Project("{FAE04EC0-301F-11D3-BF4B-00C04F79EFBC}") = "TIMEG", "TIMEG.csproj", "{6325232D-37FF-4BC0-8BEA-16988A2F4401}"
EndProject
Global
	GlobalSection(SolutionConfigurationPlatforms) = preSolution
		Debug|Any CPU = Debug|Any CPU
		Release|Any CPU = Release|Any CPU
	EndGlobalSection
	GlobalSection(ProjectConfigurationPlatforms) = postSolution
		{6325232D-37FF-4BC0-8BEA-16988A2F4401}.Debug|Any CPU.ActiveCfg = Debug|Any CPU
		{6325232D-37FF-4BC0-8BEA-16988A2F4401}.Debug|Any CPU.Build.0 = Debug|Any CPU
		{6325232D-37FF-4BC0-8BEA-16988A2F4401}.Release|Any CPU.ActiveCfg = Release|Any CPU
		{6325232D-37FF-4BC0-8BEA-16988A2F4401}.Release|Any CPU.Build.0 = Release|Any CPU
	EndGlobalSection
	GlobalSection(SolutionProperties) = preSolution
		HideSolutionNode = FALSE
	EndGlobalSection
	GlobalSection(ExtensibilityGlobals) = postSolution
		SolutionGuid = {1B699EC0-283F-4722-B528-BA13DC35D864}
	EndGlobalSection
EndGlobal
