
Microsoft Visual Studio Solution File, Format Version 12.00
# Visual Studio Version 16
VisualStudioVersion = 16.0.31205.134
MinimumVisualStudioVersion = 10.0.40219.1
Project("{2150E333-8FDC-42A3-9474-1A3956D46DE8}") = "SMAD", "SMAD", "{5D31B940-AC87-49DD-85CF-23584F25BE9F}"
EndProject
Project("{2150E333-8FDC-42A3-9474-1A3956D46DE8}") = "TIMEG", "TIMEG", "{36D5BBAE-8E0F-405A-A889-A65F3F7A8742}"
EndProject
Global
	GlobalSection(SolutionProperties) = preSolution
		HideSolutionNode = FALSE
	EndGlobalSection
	GlobalSection(ExtensibilityGlobals) = postSolution
		SolutionGuid = {1B699EC0-283F-4722-B528-BA13DC35D864}
	EndGlobalSection
EndGlobal
