
Microsoft Visual Studio Solution File, Format Version 12.00
# Visual Studio Version 16
VisualStudioVersion = 16.0.31205.134
MinimumVisualStudioVersion = 10.0.40219.1
Project("{FAE04EC0-301F-11D3-BF4B-00C04F79EFBC}") = "TIMEG", "Source\TIMEG\TIMEG\TIMEG.csproj", "{0BA72E9A-711A-4A1C-B728-FCBFE0352D5C}"
EndProject
Global
	GlobalSection(SolutionConfigurationPlatforms) = preSolution
		Debug|Any CPU = Debug|Any CPU
		Release|Any CPU = Release|Any CPU
	EndGlobalSection
	GlobalSection(ProjectConfigurationPlatforms) = postSolution
		{0BA72E9A-711A-4A1C-B728-FCBFE0352D5C}.Debug|Any CPU.ActiveCfg = Debug|Any CPU
		{0BA72E9A-711A-4A1C-B728-FCBFE0352D5C}.Debug|Any CPU.Build.0 = Debug|Any CPU
		{0BA72E9A-711A-4A1C-B728-FCBFE0352D5C}.Release|Any CPU.ActiveCfg = Release|Any CPU
		{0BA72E9A-711A-4A1C-B728-FCBFE0352D5C}.Release|Any CPU.Build.0 = Release|Any CPU
	EndGlobalSection
	GlobalSection(SolutionProperties) = preSolution
		HideSolutionNode = FALSE
	EndGlobalSection
	GlobalSection(ExtensibilityGlobals) = postSolution
		SolutionGuid = {1B699EC0-283F-4722-B528-BA13DC35D864}
	EndGlobalSection
EndGlobal
